# This file is automatically @generated by Cargo.
# It is not intended for manual editing.
version = 3

[[package]]
name = "cpu"
version = "0.1.0"

[[package]]
name = "efi"
version = "0.1.0"

[[package]]
name = "gem"
version = "0.1.0"
dependencies = [
 "cpu",
 "efi",
 "serial",
]

[[package]]
name = "serial"
version = "0.1.0"
dependencies = [
 "cpu",
]
